
Microsoft Visual Studio Solution File, Format Version 12.00
# Visual Studio Version 16
VisualStudioVersion = 16.0.31515.178
MinimumVisualStudioVersion = 10.0.40219.1
Project("{9A19103F-16F7-4668-BE54-9A1E7A4F7556}") = "MongoDb.Logistics", "MongoDb.Logistics.csproj", "{28CBC688-7F95-475D-B36D-FF52B1B65718}"
EndProject
Project("{2150E333-8FDC-42A3-9474-1A3956D46DE8}") = "Solution Items", "Solution Items", "{FD5E2C5B-8CEE-42DF-A81B-002FC855CFF0}"
	ProjectSection(SolutionItems) = preProject
		.editorconfig = .editorconfig
	EndProjectSection
EndProject
Global
	GlobalSection(SolutionConfigurationPlatforms) = preSolution
		Debug|Any CPU = Debug|Any CPU
		Release|Any CPU = Release|Any CPU
	EndGlobalSection
	GlobalSection(ProjectConfigurationPlatforms) = postSolution
		{28CBC688-7F95-475D-B36D-FF52B1B65718}.Debug|Any CPU.ActiveCfg = Debug|Any CPU
		{28CBC688-7F95-475D-B36D-FF52B1B65718}.Debug|Any CPU.Build.0 = Debug|Any CPU
		{28CBC688-7F95-475D-B36D-FF52B1B65718}.Release|Any CPU.ActiveCfg = Release|Any CPU
		{28CBC688-7F95-475D-B36D-FF52B1B65718}.Release|Any CPU.Build.0 = Release|Any CPU
	EndGlobalSection
	GlobalSection(SolutionProperties) = preSolution
		HideSolutionNode = FALSE
	EndGlobalSection
	GlobalSection(ExtensibilityGlobals) = postSolution
		SolutionGuid = {E076B1A0-6C4C-483C-B908-7560D2E9147F}
	EndGlobalSection
EndGlobal
